# This file is autogenerated, do not edit; changes may be undone by the next 'dep ensure'.


[[projects]]
  branch = "master"
  digest = "1:6212ce7f839b40213d1ff75c3df7816c4023faf4d29da630ce1dfdd1ccd5fb02"
  name = "github.com/GeertJohan/go.rice"
  packages = [
    ".",
    "embedded",
  ]
  pruneopts = "UT"
  revision = "0af3f3b09a0a8b391f63ab52ba5ab50f84fabd30"

[[projects]]
  branch = "master"
  digest = "1:5fd5c4d4282935b7a575299494f2c09e9d2cacded7815c83aff7c1602aff3154"
  name = "github.com/daaku/go.zipexe"
  packages = ["."]
  pruneopts = "UT"
  revision = "a5fe2436ffcb3236e175e5149162b41cd28bd27d"

[[projects]]
  digest = "1:692b29784ba0a25c33a77cb4c2594e2ffc1e72fc66e17e87503e03a29cb227c5"
  name = "github.com/golang-migrate/migrate"
  packages = [
    ".",
    "database",
    "database/postgres",
    "source",
    "source/file",
  ]
  pruneopts = "UT"
  revision = "4937cd088f7c7193ee59b319c1c2caa7482aae8e"
  version = "v3.5.4"

[[projects]]
  digest = "1:8ef506fc2bb9ced9b151dafa592d4046063d744c646c1bbe801982ce87e4bc24"
  name = "github.com/lib/pq"
  packages = [
    ".",
    "oid",
  ]
  pruneopts = "UT"
  revision = "4ded0e9383f75c197b3a2aaa6d590ac52df6fd79"
  version = "v1.0.0"

[[projects]]
  digest = "1:60f1099877ce4970e71f6a7334f1c453fd95102902895c119a8189b88e25bf54"
  name = "github.com/neo4j-drivers/gobolt"
  packages = ["."]
  pruneopts = "UT"
  revision = "385098f4a22c282e51f0d83a63a1f97256ef897d"
  version = "v1.7.2"

[[projects]]
  digest = "1:f58514978026f31b98c85b1028e5ab2c8da27515f0dfbb0493582a9d23def1b5"
  name = "github.com/neo4j/neo4j-go-driver"
  packages = ["neo4j"]
  pruneopts = "UT"
  revision = "c0db4cd4bff6cf34d5cfc592618034fa79996827"
  version = "v1.7.2"

[[projects]]
  branch = "development-v2"
  digest = "1:f43ecb7504b501a2902083acfe1a294656bcce7f84ee94a975deb65d78e4fb6b"
  name = "github.com/payfazz/authfazz"
  packages = [
    "config",
    "errors",
  ]
  pruneopts = "UT"
  revision = "194a4f76bec4537db1dc680ff84e600038a6886d"

[[projects]]
  branch = "master"
  digest = "1:1e679cf19dee1ee4cfe99778f63b1541e079daf7b2a4a08a0c02c5bd5ef935a9"
  name = "github.com/payfazz/nik-checker"
  packages = ["config"]
  pruneopts = "UT"
  revision = "e0ad4a5818e716482e2447310625a345ee042506"

[solve-meta]
  analyzer-name = "dep"
  analyzer-version = 1
  input-imports = [
    "github.com/GeertJohan/go.rice",
    "github.com/GeertJohan/go.rice/embedded",
    "github.com/golang-migrate/migrate",
    "github.com/golang-migrate/migrate/database/postgres",
    "github.com/golang-migrate/migrate/source/file",
    "github.com/lib/pq",
    "github.com/neo4j/neo4j-go-driver/neo4j",
    "github.com/payfazz/authfazz/config",
    "github.com/payfazz/authfazz/errors",
    "github.com/payfazz/nik-checker/config",
  ]
  solver-name = "gps-cdcl"
  solver-version = 1
